
Microsoft Visual Studio Solution File, Format Version 12.00
# Visual Studio Version 17
VisualStudioVersion = 17.4.33213.308
MinimumVisualStudioVersion = 10.0.40219.1
Project("{FAE04EC0-301F-11D3-BF4B-00C04F79EFBC}") = "AseroriaTry", "AseroriaTry\AseroriaTry.csproj", "{81202C80-42F9-4F3C-8B10-580367B4850C}"
EndProject
Global
	GlobalSection(SolutionConfigurationPlatforms) = preSolution
		Debug|Any CPU = Debug|Any CPU
		Release|Any CPU = Release|Any CPU
	EndGlobalSection
	GlobalSection(ProjectConfigurationPlatforms) = postSolution
		{81202C80-42F9-4F3C-8B10-580367B4850C}.Debug|Any CPU.ActiveCfg = Debug|Any CPU
		{81202C80-42F9-4F3C-8B10-580367B4850C}.Debug|Any CPU.Build.0 = Debug|Any CPU
		{81202C80-42F9-4F3C-8B10-580367B4850C}.Release|Any CPU.ActiveCfg = Release|Any CPU
		{81202C80-42F9-4F3C-8B10-580367B4850C}.Release|Any CPU.Build.0 = Release|Any CPU
	EndGlobalSection
	GlobalSection(SolutionProperties) = preSolution
		HideSolutionNode = FALSE
	EndGlobalSection
	GlobalSection(ExtensibilityGlobals) = postSolution
		SolutionGuid = {105797E2-7E8B-4881-BEE3-13B73A0F4E19}
	EndGlobalSection
EndGlobal
